
Microsoft Visual Studio Solution File, Format Version 12.00
# Visual Studio 15
VisualStudioVersion = 15.0.28010.2003
MinimumVisualStudioVersion = 10.0.40219.1
Project("{FAE04EC0-301F-11D3-BF4B-00C04F79EFBC}") = "AnotherLinq.Core", "AnotherLinq.Core\AnotherLinq.Core.csproj", "{76466B3C-8B78-44FD-B8F3-6740AB9B26E6}"
EndProject
Project("{FAE04EC0-301F-11D3-BF4B-00C04F79EFBC}") = "AnotherLinq.Tests", "AnotherLinq.Tests\AnotherLinq.Tests.csproj", "{FA62A99E-1D0D-462D-9EE2-D07213C8D250}"
EndProject
Global
	GlobalSection(SolutionConfigurationPlatforms) = preSolution
		Debug|Any CPU = Debug|Any CPU
		Release|Any CPU = Release|Any CPU
	EndGlobalSection
	GlobalSection(ProjectConfigurationPlatforms) = postSolution
		{76466B3C-8B78-44FD-B8F3-6740AB9B26E6}.Debug|Any CPU.ActiveCfg = Debug|Any CPU
		{76466B3C-8B78-44FD-B8F3-6740AB9B26E6}.Debug|Any CPU.Build.0 = Debug|Any CPU
		{76466B3C-8B78-44FD-B8F3-6740AB9B26E6}.Release|Any CPU.ActiveCfg = Release|Any CPU
		{76466B3C-8B78-44FD-B8F3-6740AB9B26E6}.Release|Any CPU.Build.0 = Release|Any CPU
		{FA62A99E-1D0D-462D-9EE2-D07213C8D250}.Debug|Any CPU.ActiveCfg = Debug|Any CPU
		{FA62A99E-1D0D-462D-9EE2-D07213C8D250}.Debug|Any CPU.Build.0 = Debug|Any CPU
		{FA62A99E-1D0D-462D-9EE2-D07213C8D250}.Release|Any CPU.ActiveCfg = Release|Any CPU
		{FA62A99E-1D0D-462D-9EE2-D07213C8D250}.Release|Any CPU.Build.0 = Release|Any CPU
	EndGlobalSection
	GlobalSection(SolutionProperties) = preSolution
		HideSolutionNode = FALSE
	EndGlobalSection
	GlobalSection(ExtensibilityGlobals) = postSolution
		SolutionGuid = {613BFBD0-2AD2-45B4-AEB8-BCD468C1DB73}
	EndGlobalSection
EndGlobal
